// !$*UTF8*$!
{
	archiveVersion = 1;
	classes = {
	};
	objectVersion = 77;
	objects = {

/* Begin PBXBuildFile section */
		0E2F0929BC191AF3CC2BAF29 /* YTDLPService.swift in Sources */ = {isa = PBXBuildFile; fileRef = 42C77460B7FC33DCB658F18A /* YTDLPService.swift */; };
		0FFA0EF23E55CD29D116F20C /* URL2WAVApp.swift in Sources */ = {isa = PBXBuildFile; fileRef = 1AC1D591151CBBAB5EC683A9 /* URL2WAVApp.swift */; };
		12074D6D3FC79C0620E38A19 /* Assets.xcassets in Resources */ = {isa = PBXBuildFile; fileRef = 46D29C4C155C08215F5854D0 /* Assets.xcassets */; };
		A1312688ECE43999AC15B681 /* ContentView.swift in Sources */ = {isa = PBXBuildFile; fileRef = B59647ABBBA7218A885DC5D9 /* ContentView.swift */; };
/* End PBXBuildFile section */

/* Begin PBXFileReference section */
		0906BBEC41453489162E7BEA /* URL2WAV.app */ = {isa = PBXFileReference; explicitFileType = wrapper.application; includeInIndex = 0; path = URL2WAV.app; sourceTree = BUILT_PRODUCTS_DIR; };
		1AC1D591151CBBAB5EC683A9 /* URL2WAVApp.swift */ = {isa = PBXFileReference; lastKnownFileType = sourcecode.swift; path = URL2WAVApp.swift; sourceTree = "<group>"; };
		42C77460B7FC33DCB658F18A /* YTDLPService.swift */ = {isa = PBXFileReference; lastKnownFileType = sourcecode.swift; path = YTDLPService.swift; sourceTree = "<group>"; };
		4474E80F6A638FB5EDBBDAC3 /* Info.plist */ = {isa = PBXFileReference; lastKnownFileType = text.plist; path = Info.plist; sourceTree = "<group>"; };
		46D29C4C155C08215F5854D0 /* Assets.xcassets */ = {isa = PBXFileReference; lastKnownFileType = folder.assetcatalog; path = Assets.xcassets; sourceTree = "<group>"; };
		59E6F0A03924CB42AE27F751 /* URL2WAV.entitlements */ = {isa = PBXFileReference; lastKnownFileType = text.plist.entitlements; path = URL2WAV.entitlements; sourceTree = "<group>"; };
		B59647ABBBA7218A885DC5D9 /* ContentView.swift */ = {isa = PBXFileReference; lastKnownFileType = sourcecode.swift; path = ContentView.swift; sourceTree = "<group>"; };
/* End PBXFileReference section */

/* Begin PBXGroup section */
		7646B5FC6A7C67C3196B0104 /* URL2WAV */ = {
			isa = PBXGroup;
			children = (
				46D29C4C155C08215F5854D0 /* Assets.xcassets */,
				B59647ABBBA7218A885DC5D9 /* ContentView.swift */,
				4474E80F6A638FB5EDBBDAC3 /* Info.plist */,
				59E6F0A03924CB42AE27F751 /* URL2WAV.entitlements */,
				1AC1D591151CBBAB5EC683A9 /* URL2WAVApp.swift */,
				42C77460B7FC33DCB658F18A /* YTDLPService.swift */,
			);
			path = URL2WAV;
			sourceTree = "<group>";
		};
		89600D51266DADB1ADA93EFB = {
			isa = PBXGroup;
			children = (
				7646B5FC6A7C67C3196B0104 /* URL2WAV */,
				D3E7BFF6B852EBA0D9DFCCC6 /* Products */,
			);
			sourceTree = "<group>";
		};
		D3E7BFF6B852EBA0D9DFCCC6 /* Products */ = {
			isa = PBXGroup;
			children = (
				0906BBEC41453489162E7BEA /* URL2WAV.app */,
			);
			name = Products;
			sourceTree = "<group>";
		};
/* End PBXGroup section */

/* Begin PBXNativeTarget section */
		0FA5A354B6118ED123EC9E6C /* URL2WAV */ = {
			isa = PBXNativeTarget;
			buildConfigurationList = 71A5CFA9A0FC68D6CE80EA6B /* Build configuration list for PBXNativeTarget "URL2WAV" */;
			buildPhases = (
				FC3AF823F0547816EDC26F0B /* Sources */,
				3C2AFEF6C2806935B0B67829 /* Resources */,
			);
			buildRules = (
			);
			dependencies = (
			);
			name = URL2WAV;
			packageProductDependencies = (
			);
			productName = URL2WAV;
			productReference = 0906BBEC41453489162E7BEA /* URL2WAV.app */;
			productType = "com.apple.product-type.application";
		};
/* End PBXNativeTarget section */

/* Begin PBXProject section */
		E97AF54AFD11119017867618 /* Project object */ = {
			isa = PBXProject;
			attributes = {
				BuildIndependentTargetsInParallel = YES;
				LastUpgradeCheck = 1430;
				TargetAttributes = {
					0FA5A354B6118ED123EC9E6C = {
						ProvisioningStyle = Automatic;
					};
				};
			};
			buildConfigurationList = 64703218114F18F1B786BB26 /* Build configuration list for PBXProject "URL2WAV" */;
			developmentRegion = en;
			hasScannedForEncodings = 0;
			knownRegions = (
				Base,
				en,
			);
			mainGroup = 89600D51266DADB1ADA93EFB;
			minimizedProjectReferenceProxies = 1;
			preferredProjectObjectVersion = 77;
			productRefGroup = D3E7BFF6B852EBA0D9DFCCC6 /* Products */;
			projectDirPath = "";
			projectRoot = "";
			targets = (
				0FA5A354B6118ED123EC9E6C /* URL2WAV */,
			);
		};
/* End PBXProject section */

/* Begin PBXResourcesBuildPhase section */
		3C2AFEF6C2806935B0B67829 /* Resources */ = {
			isa = PBXResourcesBuildPhase;
			buildActionMask = 2147483647;
			files = (
				12074D6D3FC79C0620E38A19 /* Assets.xcassets in Resources */,
			);
			runOnlyForDeploymentPostprocessing = 0;
		};
/* End PBXResourcesBuildPhase section */

/* Begin PBXSourcesBuildPhase section */
		FC3AF823F0547816EDC26F0B /* Sources */ = {
			isa = PBXSourcesBuildPhase;
			buildActionMask = 2147483647;
			files = (
				A1312688ECE43999AC15B681 /* ContentView.swift in Sources */,
				0FFA0EF23E55CD29D116F20C /* URL2WAVApp.swift in Sources */,
				0E2F0929BC191AF3CC2BAF29 /* YTDLPService.swift in Sources */,
			);
			runOnlyForDeploymentPostprocessing = 0;
		};
/* End PBXSourcesBuildPhase section */

/* Begin XCBuildConfiguration section */
		0059573D846F4523EE25AB9F /* Release */ = {
			isa = XCBuildConfiguration;
			buildSettings = {
				ALWAYS_SEARCH_USER_PATHS = NO;
				CLANG_ANALYZER_NONNULL = YES;
				CLANG_ANALYZER_NUMBER_OBJECT_CONVERSION = YES_AGGRESSIVE;
				CLANG_CXX_LANGUAGE_STANDARD = "gnu++14";
				CLANG_CXX_LIBRARY = "libc++";
				CLANG_ENABLE_MODULES = YES;
				CLANG_ENABLE_OBJC_ARC = YES;
				CLANG_ENABLE_OBJC_WEAK = YES;
				CLANG_WARN_BLOCK_CAPTURE_AUTORELEASING = YES;
				CLANG_WARN_BOOL_CONVERSION = YES;
				CLANG_WARN_COMMA = YES;
				CLANG_WARN_CONSTANT_CONVERSION = YES;
				CLANG_WARN_DEPRECATED_OBJC_IMPLEMENTATIONS = YES;
				CLANG_WARN_DIRECT_OBJC_ISA_USAGE = YES_ERROR;
				CLANG_WARN_DOCUMENTATION_COMMENTS = YES;
				CLANG_WARN_EMPTY_BODY = YES;
				CLANG_WARN_ENUM_CONVERSION = YES;
				CLANG_WARN_INFINITE_RECURSION = YES;
				CLANG_WARN_INT_CONVERSION = YES;
				CLANG_WARN_NON_LITERAL_NULL_CONVERSION = YES;
				CLANG_WARN_OBJC_IMPLICIT_RETAIN_SELF = YES;
				CLANG_WARN_OBJC_LITERAL_CONVERSION = YES;
				CLANG_WARN_OBJC_ROOT_CLASS = YES_ERROR;
				CLANG_WARN_QUOTED_INCLUDE_IN_FRAMEWORK_HEADER = YES;
				CLANG_WARN_RANGE_LOOP_ANALYSIS = YES;
				CLANG_WARN_STRICT_PROTOTYPES = YES;
				CLANG_WARN_SUSPICIOUS_MOVE = YES;
				CLANG_WARN_UNGUARDED_AVAILABILITY = YES_AGGRESSIVE;
				CLANG_WARN_UNREACHABLE_CODE = YES;
				CLANG_WARN__DUPLICATE_METHOD_MATCH = YES;
				COPY_PHASE_STRIP = NO;
				DEBUG_INFORMATION_FORMAT = "dwarf-with-dsym";
				ENABLE_NS_ASSERTIONS = NO;
				ENABLE_STRICT_OBJC_MSGSEND = YES;
				GCC_C_LANGUAGE_STANDARD = gnu11;
				GCC_NO_COMMON_BLOCKS = YES;
				GCC_WARN_64_TO_32_BIT_CONVERSION = YES;
				GCC_WARN_ABOUT_RETURN_TYPE = YES_ERROR;
				GCC_WARN_UNDECLARED_SELECTOR = YES;
				GCC_WARN_UNINITIALIZED_AUTOS = YES_AGGRESSIVE;
				GCC_WARN_UNUSED_FUNCTION = YES;
				GCC_WARN_UNUSED_VARIABLE = YES;
				MACOSX_DEPLOYMENT_TARGET = 14.0;
				MTL_ENABLE_DEBUG_INFO = NO;
				MTL_FAST_MATH = YES;
				PRODUCT_NAME = "$(TARGET_NAME)";
				SDKROOT = macosx;
				SWIFT_COMPILATION_MODE = wholemodule;
				SWIFT_OPTIMIZATION_LEVEL = "-O";
				SWIFT_VERSION = 5.0;
			};
			name = Release;
		};
		510C9EEAF91873B0B77AFF81 /* Debug */ = {
			isa = XCBuildConfiguration;
			buildSettings = {
				ASSETCATALOG_COMPILER_APPICON_NAME = AppIcon;
				CODE_SIGN_IDENTITY = "-";
				CODE_SIGN_STYLE = Automatic;
				COMBINE_HIDPI_IMAGES = YES;
				ENABLE_HARDENED_RUNTIME = YES;
				INFOPLIST_FILE = URL2WAV/Info.plist;
				INFOPLIST_KEY_CFBundleDisplayName = URL2WAV;
				LD_RUNPATH_SEARCH_PATHS = (
					"$(inherited)",
					"@executable_path/../Frameworks",
				);
				MACOSX_DEPLOYMENT_TARGET = 14.0;
				PRODUCT_BUNDLE_IDENTIFIER = io.github.sevmorris.URL2WAV;
				SDKROOT = macosx;
			};
			name = Debug;
		};
		BFA730B62F46A4AC392BCE95 /* Release */ = {
			isa = XCBuildConfiguration;
			buildSettings = {
				ASSETCATALOG_COMPILER_APPICON_NAME = AppIcon;
				CODE_SIGN_IDENTITY = "-";
				CODE_SIGN_STYLE = Automatic;
				COMBINE_HIDPI_IMAGES = YES;
				ENABLE_HARDENED_RUNTIME = YES;
				INFOPLIST_FILE = URL2WAV/Info.plist;
				INFOPLIST_KEY_CFBundleDisplayName = URL2WAV;
				LD_RUNPATH_SEARCH_PATHS = (
					"$(inherited)",
					"@executable_path/../Frameworks",
				);
				MACOSX_DEPLOYMENT_TARGET = 14.0;
				PRODUCT_BUNDLE_IDENTIFIER = io.github.sevmorris.URL2WAV;
				SDKROOT = macosx;
			};
			name = Release;
		};
		E6777C96BEDB24EA31DF42D3 /* Debug */ = {
			isa = XCBuildConfiguration;
			buildSettings = {
				ALWAYS_SEARCH_USER_PATHS = NO;
				CLANG_ANALYZER_NONNULL = YES;
				CLANG_ANALYZER_NUMBER_OBJECT_CONVERSION = YES_AGGRESSIVE;
				CLANG_CXX_LANGUAGE_STANDARD = "gnu++14";
				CLANG_CXX_LIBRARY = "libc++";
				CLANG_ENABLE_MODULES = YES;
				CLANG_ENABLE_OBJC_ARC = YES;
				CLANG_ENABLE_OBJC_WEAK = YES;
				CLANG_WARN_BLOCK_CAPTURE_AUTORELEASING = YES;
				CLANG_WARN_BOOL_CONVERSION = YES;
				CLANG_WARN_COMMA = YES;
				CLANG_WARN_CONSTANT_CONVERSION = YES;
				CLANG_WARN_DEPRECATED_OBJC_IMPLEMENTATIONS = YES;
				CLANG_WARN_DIRECT_OBJC_ISA_USAGE = YES_ERROR;
				CLANG_WARN_DOCUMENTATION_COMMENTS = YES;
				CLANG_WARN_EMPTY_BODY = YES;
				CLANG_WARN_ENUM_CONVERSION = YES;
				CLANG_WARN_INFINITE_RECURSION = YES;
				CLANG_WARN_INT_CONVERSION = YES;
				CLANG_WARN_NON_LITERAL_NULL_CONVERSION = YES;
				CLANG_WARN_OBJC_IMPLICIT_RETAIN_SELF = YES;
				CLANG_WARN_OBJC_LITERAL_CONVERSION = YES;
				CLANG_WARN_OBJC_ROOT_CLASS = YES_ERROR;
				CLANG_WARN_QUOTED_INCLUDE_IN_FRAMEWORK_HEADER = YES;
				CLANG_WARN_RANGE_LOOP_ANALYSIS = YES;
				CLANG_WARN_STRICT_PROTOTYPES = YES;
				CLANG_WARN_SUSPICIOUS_MOVE = YES;
				CLANG_WARN_UNGUARDED_AVAILABILITY = YES_AGGRESSIVE;
				CLANG_WARN_UNREACHABLE_CODE = YES;
				CLANG_WARN__DUPLICATE_METHOD_MATCH = YES;
				COPY_PHASE_STRIP = NO;
				DEBUG_INFORMATION_FORMAT = dwarf;
				ENABLE_STRICT_OBJC_MSGSEND = YES;
				ENABLE_TESTABILITY = YES;
				GCC_C_LANGUAGE_STANDARD = gnu11;
				GCC_DYNAMIC_NO_PIC = NO;
				GCC_NO_COMMON_BLOCKS = YES;
				GCC_OPTIMIZATION_LEVEL = 0;
				GCC_PREPROCESSOR_DEFINITIONS = (
					"$(inherited)",
					"DEBUG=1",
				);
				GCC_WARN_64_TO_32_BIT_CONVERSION = YES;
				GCC_WARN_ABOUT_RETURN_TYPE = YES_ERROR;
				GCC_WARN_UNDECLARED_SELECTOR = YES;
				GCC_WARN_UNINITIALIZED_AUTOS = YES_AGGRESSIVE;
				GCC_WARN_UNUSED_FUNCTION = YES;
				GCC_WARN_UNUSED_VARIABLE = YES;
				MACOSX_DEPLOYMENT_TARGET = 14.0;
				MTL_ENABLE_DEBUG_INFO = INCLUDE_SOURCE;
				MTL_FAST_MATH = YES;
				ONLY_ACTIVE_ARCH = YES;
				PRODUCT_NAME = "$(TARGET_NAME)";
				SDKROOT = macosx;
				SWIFT_ACTIVE_COMPILATION_CONDITIONS = DEBUG;
				SWIFT_OPTIMIZATION_LEVEL = "-Onone";
				SWIFT_VERSION = 5.0;
			};
			name = Debug;
		};
/* End XCBuildConfiguration section */

/* Begin XCConfigurationList section */
		64703218114F18F1B786BB26 /* Build configuration list for PBXProject "URL2WAV" */ = {
			isa = XCConfigurationList;
			buildConfigurations = (
				E6777C96BEDB24EA31DF42D3 /* Debug */,
				0059573D846F4523EE25AB9F /* Release */,
			);
			defaultConfigurationIsVisible = 0;
			defaultConfigurationName = Debug;
		};
		71A5CFA9A0FC68D6CE80EA6B /* Build configuration list for PBXNativeTarget "URL2WAV" */ = {
			isa = XCConfigurationList;
			buildConfigurations = (
				510C9EEAF91873B0B77AFF81 /* Debug */,
				BFA730B62F46A4AC392BCE95 /* Release */,
			);
			defaultConfigurationIsVisible = 0;
			defaultConfigurationName = Debug;
		};
/* End XCConfigurationList section */
	};
	rootObject = E97AF54AFD11119017867618 /* Project object */;
}
